// !$*UTF8*$!
{
	archiveVersion = 1;
	classes = {
	};
	objectVersion = 56;
	objects = {

/* Begin PBXBuildFile section */
		4B1E1B202C51D67700D5BDEB /* AppDelegate.swift in Sources */ = {isa = PBXBuildFile; fileRef = 4B1E1B1F2C51D67700D5BDEB /* AppDelegate.swift */; };
		4B1E1B222C51D67700D5BDEB /* SceneDelegate.swift in Sources */ = {isa = PBXBuildFile; fileRef = 4B1E1B212C51D67700D5BDEB /* SceneDelegate.swift */; };
		4B1E1B242C51D67700D5BDEB /* FeedViewController.swift in Sources */ = {isa = PBXBuildFile; fileRef = 4B1E1B232C51D67700D5BDEB /* FeedViewController.swift */; };
		4B1E1B292C51D67800D5BDEB /* Assets.xcassets in Resources */ = {isa = PBXBuildFile; fileRef = 4B1E1B282C51D67800D5BDEB /* Assets.xcassets */; };
		4B1E1B2C2C51D67800D5BDEB /* Base in Resources */ = {isa = PBXBuildFile; fileRef = 4B1E1B2B2C51D67800D5BDEB /* Base */; };
		4B1E1B342C51EC9A00D5BDEB /* Post.swift in Sources */ = {isa = PBXBuildFile; fileRef = 4B1E1B332C51EC9A00D5BDEB /* Post.swift */; };
		4B1E1B362C51ED0F00D5BDEB /* GoogleService-Info.plist in Resources */ = {isa = PBXBuildFile; fileRef = 4B1E1B352C51ED0F00D5BDEB /* GoogleService-Info.plist */; };
		4B1E1B382C5225CD00D5BDEB /* PostTableViewCell.swift in Sources */ = {isa = PBXBuildFile; fileRef = 4B1E1B372C5225CD00D5BDEB /* PostTableViewCell.swift */; };
		4B1E1B3A2C522B5600D5BDEB /* NewPostViewController.swift in Sources */ = {isa = PBXBuildFile; fileRef = 4B1E1B392C522B5600D5BDEB /* NewPostViewController.swift */; };
		4BC0C78A2C53270200FBA73A /* ProfileViewController.swift in Sources */ = {isa = PBXBuildFile; fileRef = 4BC0C7892C53270200FBA73A /* ProfileViewController.swift */; };
		4BC0C78F2C5332D900FBA73A /* AuthService.swift in Sources */ = {isa = PBXBuildFile; fileRef = 4BC0C78E2C5332D900FBA73A /* AuthService.swift */; };
		F2F79D3D477F31D4C87BEA3F /* Pods_Socially_UIKit.framework in Frameworks */ = {isa = PBXBuildFile; fileRef = EF98284D90BEAA5236AFF74C /* Pods_Socially_UIKit.framework */; };
/* End PBXBuildFile section */

/* Begin PBXFileReference section */
		16000E11AF42023AEFBB0B3B /* Pods-Socially-UIKit.release.xcconfig */ = {isa = PBXFileReference; includeInIndex = 1; lastKnownFileType = text.xcconfig; name = "Pods-Socially-UIKit.release.xcconfig"; path = "Target Support Files/Pods-Socially-UIKit/Pods-Socially-UIKit.release.xcconfig"; sourceTree = "<group>"; };
		340F31853FCDFF6D5042412C /* Pods-Socially-UIKit.debug.xcconfig */ = {isa = PBXFileReference; includeInIndex = 1; lastKnownFileType = text.xcconfig; name = "Pods-Socially-UIKit.debug.xcconfig"; path = "Target Support Files/Pods-Socially-UIKit/Pods-Socially-UIKit.debug.xcconfig"; sourceTree = "<group>"; };
		4B1E1B1C2C51D67700D5BDEB /* Socially-UIKit.app */ = {isa = PBXFileReference; explicitFileType = wrapper.application; includeInIndex = 0; path = "Socially-UIKit.app"; sourceTree = BUILT_PRODUCTS_DIR; };
		4B1E1B1F2C51D67700D5BDEB /* AppDelegate.swift */ = {isa = PBXFileReference; lastKnownFileType = sourcecode.swift; path = AppDelegate.swift; sourceTree = "<group>"; };
		4B1E1B212C51D67700D5BDEB /* SceneDelegate.swift */ = {isa = PBXFileReference; lastKnownFileType = sourcecode.swift; path = SceneDelegate.swift; sourceTree = "<group>"; };
		4B1E1B232C51D67700D5BDEB /* FeedViewController.swift */ = {isa = PBXFileReference; lastKnownFileType = sourcecode.swift; path = FeedViewController.swift; sourceTree = "<group>"; };
		4B1E1B282C51D67800D5BDEB /* Assets.xcassets */ = {isa = PBXFileReference; lastKnownFileType = folder.assetcatalog; path = Assets.xcassets; sourceTree = "<group>"; };
		4B1E1B2B2C51D67800D5BDEB /* Base */ = {isa = PBXFileReference; lastKnownFileType = file.storyboard; name = Base; path = Base.lproj/LaunchScreen.storyboard; sourceTree = "<group>"; };
		4B1E1B2D2C51D67800D5BDEB /* Info.plist */ = {isa = PBXFileReference; lastKnownFileType = text.plist.xml; path = Info.plist; sourceTree = "<group>"; };
		4B1E1B332C51EC9A00D5BDEB /* Post.swift */ = {isa = PBXFileReference; lastKnownFileType = sourcecode.swift; path = Post.swift; sourceTree = "<group>"; };
		4B1E1B352C51ED0F00D5BDEB /* GoogleService-Info.plist */ = {isa = PBXFileReference; fileEncoding = 4; lastKnownFileType = text.plist.xml; path = "GoogleService-Info.plist"; sourceTree = "<group>"; };
		4B1E1B372C5225CD00D5BDEB /* PostTableViewCell.swift */ = {isa = PBXFileReference; lastKnownFileType = sourcecode.swift; path = PostTableViewCell.swift; sourceTree = "<group>"; };
		4B1E1B392C522B5600D5BDEB /* NewPostViewController.swift */ = {isa = PBXFileReference; lastKnownFileType = sourcecode.swift; path = NewPostViewController.swift; sourceTree = "<group>"; };
		4BC0C7892C53270200FBA73A /* ProfileViewController.swift */ = {isa = PBXFileReference; lastKnownFileType = sourcecode.swift; path = ProfileViewController.swift; sourceTree = "<group>"; };
		4BC0C78E2C5332D900FBA73A /* AuthService.swift */ = {isa = PBXFileReference; lastKnownFileType = sourcecode.swift; path = AuthService.swift; sourceTree = "<group>"; };
		4BC0C7912C53332800FBA73A /* Socially-UIKit.entitlements */ = {isa = PBXFileReference; lastKnownFileType = text.plist.entitlements; path = "Socially-UIKit.entitlements"; sourceTree = "<group>"; };
		EF98284D90BEAA5236AFF74C /* Pods_Socially_UIKit.framework */ = {isa = PBXFileReference; explicitFileType = wrapper.framework; includeInIndex = 0; path = Pods_Socially_UIKit.framework; sourceTree = BUILT_PRODUCTS_DIR; };
/* End PBXFileReference section */

/* Begin PBXFrameworksBuildPhase section */
		4B1E1B192C51D67700D5BDEB /* Frameworks */ = {
			isa = PBXFrameworksBuildPhase;
			buildActionMask = 2147483647;
			files = (
				F2F79D3D477F31D4C87BEA3F /* Pods_Socially_UIKit.framework in Frameworks */,
			);
			runOnlyForDeploymentPostprocessing = 0;
		};
/* End PBXFrameworksBuildPhase section */

/* Begin PBXGroup section */
		2822D598A9857617EEDFF140 /* Frameworks */ = {
			isa = PBXGroup;
			children = (
				EF98284D90BEAA5236AFF74C /* Pods_Socially_UIKit.framework */,
			);
			name = Frameworks;
			sourceTree = "<group>";
		};
		4B1E1B132C51D67700D5BDEB = {
			isa = PBXGroup;
			children = (
				4B1E1B1E2C51D67700D5BDEB /* Socially-UIKit */,
				4B1E1B1D2C51D67700D5BDEB /* Products */,
				E4412B32112DF25EA3D27E70 /* Pods */,
				2822D598A9857617EEDFF140 /* Frameworks */,
			);
			sourceTree = "<group>";
		};
		4B1E1B1D2C51D67700D5BDEB /* Products */ = {
			isa = PBXGroup;
			children = (
				4B1E1B1C2C51D67700D5BDEB /* Socially-UIKit.app */,
			);
			name = Products;
			sourceTree = "<group>";
		};
		4B1E1B1E2C51D67700D5BDEB /* Socially-UIKit */ = {
			isa = PBXGroup;
			children = (
				4BC0C7912C53332800FBA73A /* Socially-UIKit.entitlements */,
				4B1E1B352C51ED0F00D5BDEB /* GoogleService-Info.plist */,
				4B1E1B1F2C51D67700D5BDEB /* AppDelegate.swift */,
				4B1E1B212C51D67700D5BDEB /* SceneDelegate.swift */,
				4BC0C78C2C53325B00FBA73A /* post */,
				4BC0C7902C5332E700FBA73A /* Services */,
				4BC0C78D2C53327500FBA73A /* Account */,
				4B1E1B282C51D67800D5BDEB /* Assets.xcassets */,
				4B1E1B2A2C51D67800D5BDEB /* LaunchScreen.storyboard */,
				4B1E1B2D2C51D67800D5BDEB /* Info.plist */,
			);
			path = "Socially-UIKit";
			sourceTree = "<group>";
		};
		4BC0C78C2C53325B00FBA73A /* post */ = {
			isa = PBXGroup;
			children = (
				4B1E1B332C51EC9A00D5BDEB /* Post.swift */,
				4B1E1B372C5225CD00D5BDEB /* PostTableViewCell.swift */,
				4B1E1B392C522B5600D5BDEB /* NewPostViewController.swift */,
				4B1E1B232C51D67700D5BDEB /* FeedViewController.swift */,
			);
			path = post;
			sourceTree = "<group>";
		};
		4BC0C78D2C53327500FBA73A /* Account */ = {
			isa = PBXGroup;
			children = (
				4BC0C7892C53270200FBA73A /* ProfileViewController.swift */,
			);
			path = Account;
			sourceTree = "<group>";
		};
		4BC0C7902C5332E700FBA73A /* Services */ = {
			isa = PBXGroup;
			children = (
				4BC0C78E2C5332D900FBA73A /* AuthService.swift */,
			);
			path = Services;
			sourceTree = "<group>";
		};
		E4412B32112DF25EA3D27E70 /* Pods */ = {
			isa = PBXGroup;
			children = (
				340F31853FCDFF6D5042412C /* Pods-Socially-UIKit.debug.xcconfig */,
				16000E11AF42023AEFBB0B3B /* Pods-Socially-UIKit.release.xcconfig */,
			);
			path = Pods;
			sourceTree = "<group>";
		};
/* End PBXGroup section */

/* Begin PBXNativeTarget section */
		4B1E1B1B2C51D67700D5BDEB /* Socially-UIKit */ = {
			isa = PBXNativeTarget;
			buildConfigurationList = 4B1E1B302C51D67800D5BDEB /* Build configuration list for PBXNativeTarget "Socially-UIKit" */;
			buildPhases = (
				1087DFA93F71A1C411588C4D /* [CP] Check Pods Manifest.lock */,
				4B1E1B182C51D67700D5BDEB /* Sources */,
				4B1E1B192C51D67700D5BDEB /* Frameworks */,
				4B1E1B1A2C51D67700D5BDEB /* Resources */,
				F5025013C39CECAA73F54278 /* [CP] Embed Pods Frameworks */,
			);
			buildRules = (
			);
			dependencies = (
			);
			name = "Socially-UIKit";
			productName = "Socially-UIKit";
			productReference = 4B1E1B1C2C51D67700D5BDEB /* Socially-UIKit.app */;
			productType = "com.apple.product-type.application";
		};
/* End PBXNativeTarget section */

/* Begin PBXProject section */
		4B1E1B142C51D67700D5BDEB /* Project object */ = {
			isa = PBXProject;
			attributes = {
				BuildIndependentTargetsInParallel = 1;
				LastSwiftUpdateCheck = 1540;
				LastUpgradeCheck = 1540;
				TargetAttributes = {
					4B1E1B1B2C51D67700D5BDEB = {
						CreatedOnToolsVersion = 15.4;
					};
				};
			};
			buildConfigurationList = 4B1E1B172C51D67700D5BDEB /* Build configuration list for PBXProject "Socially-UIKit" */;
			compatibilityVersion = "Xcode 14.0";
			developmentRegion = en;
			hasScannedForEncodings = 0;
			knownRegions = (
				en,
				Base,
			);
			mainGroup = 4B1E1B132C51D67700D5BDEB;
			productRefGroup = 4B1E1B1D2C51D67700D5BDEB /* Products */;
			projectDirPath = "";
			projectRoot = "";
			targets = (
				4B1E1B1B2C51D67700D5BDEB /* Socially-UIKit */,
			);
		};
/* End PBXProject section */

/* Begin PBXResourcesBuildPhase section */
		4B1E1B1A2C51D67700D5BDEB /* Resources */ = {
			isa = PBXResourcesBuildPhase;
			buildActionMask = 2147483647;
			files = (
				4B1E1B292C51D67800D5BDEB /* Assets.xcassets in Resources */,
				4B1E1B362C51ED0F00D5BDEB /* GoogleService-Info.plist in Resources */,
				4B1E1B2C2C51D67800D5BDEB /* Base in Resources */,
			);
			runOnlyForDeploymentPostprocessing = 0;
		};
/* End PBXResourcesBuildPhase section */

/* Begin PBXShellScriptBuildPhase section */
		1087DFA93F71A1C411588C4D /* [CP] Check Pods Manifest.lock */ = {
			isa = PBXShellScriptBuildPhase;
			buildActionMask = 2147483647;
			files = (
			);
			inputFileListPaths = (
			);
			inputPaths = (
				"${PODS_PODFILE_DIR_PATH}/Podfile.lock",
				"${PODS_ROOT}/Manifest.lock",
			);
			name = "[CP] Check Pods Manifest.lock";
			outputFileListPaths = (
			);
			outputPaths = (
				"$(DERIVED_FILE_DIR)/Pods-Socially-UIKit-checkManifestLockResult.txt",
			);
			runOnlyForDeploymentPostprocessing = 0;
			shellPath = /bin/sh;
			shellScript = "diff \"${PODS_PODFILE_DIR_PATH}/Podfile.lock\" \"${PODS_ROOT}/Manifest.lock\" > /dev/null\nif [ $? != 0 ] ; then\n    # print error to STDERR\n    echo \"error: The sandbox is not in sync with the Podfile.lock. Run 'pod install' or update your CocoaPods installation.\" >&2\n    exit 1\nfi\n# This output is used by Xcode 'outputs' to avoid re-running this script phase.\necho \"SUCCESS\" > \"${SCRIPT_OUTPUT_FILE_0}\"\n";
			showEnvVarsInLog = 0;
		};
		F5025013C39CECAA73F54278 /* [CP] Embed Pods Frameworks */ = {
			isa = PBXShellScriptBuildPhase;
			buildActionMask = 2147483647;
			files = (
			);
			inputFileListPaths = (
				"${PODS_ROOT}/Target Support Files/Pods-Socially-UIKit/Pods-Socially-UIKit-frameworks-${CONFIGURATION}-input-files.xcfilelist",
			);
			name = "[CP] Embed Pods Frameworks";
			outputFileListPaths = (
				"${PODS_ROOT}/Target Support Files/Pods-Socially-UIKit/Pods-Socially-UIKit-frameworks-${CONFIGURATION}-output-files.xcfilelist",
			);
			runOnlyForDeploymentPostprocessing = 0;
			shellPath = /bin/sh;
			shellScript = "\"${PODS_ROOT}/Target Support Files/Pods-Socially-UIKit/Pods-Socially-UIKit-frameworks.sh\"\n";
			showEnvVarsInLog = 0;
		};
/* End PBXShellScriptBuildPhase section */

/* Begin PBXSourcesBuildPhase section */
		4B1E1B182C51D67700D5BDEB /* Sources */ = {
			isa = PBXSourcesBuildPhase;
			buildActionMask = 2147483647;
			files = (
				4B1E1B242C51D67700D5BDEB /* FeedViewController.swift in Sources */,
				4B1E1B202C51D67700D5BDEB /* AppDelegate.swift in Sources */,
				4B1E1B382C5225CD00D5BDEB /* PostTableViewCell.swift in Sources */,
				4B1E1B222C51D67700D5BDEB /* SceneDelegate.swift in Sources */,
				4BC0C78A2C53270200FBA73A /* ProfileViewController.swift in Sources */,
				4B1E1B342C51EC9A00D5BDEB /* Post.swift in Sources */,
				4B1E1B3A2C522B5600D5BDEB /* NewPostViewController.swift in Sources */,
				4BC0C78F2C5332D900FBA73A /* AuthService.swift in Sources */,
			);
			runOnlyForDeploymentPostprocessing = 0;
		};
/* End PBXSourcesBuildPhase section */

/* Begin PBXVariantGroup section */
		4B1E1B2A2C51D67800D5BDEB /* LaunchScreen.storyboard */ = {
			isa = PBXVariantGroup;
			children = (
				4B1E1B2B2C51D67800D5BDEB /* Base */,
			);
			name = LaunchScreen.storyboard;
			sourceTree = "<group>";
		};
/* End PBXVariantGroup section */

/* Begin XCBuildConfiguration section */
		4B1E1B2E2C51D67800D5BDEB /* Debug */ = {
			isa = XCBuildConfiguration;
			buildSettings = {
				ALWAYS_SEARCH_USER_PATHS = NO;
				ASSETCATALOG_COMPILER_GENERATE_SWIFT_ASSET_SYMBOL_EXTENSIONS = YES;
				CLANG_ANALYZER_NONNULL = YES;
				CLANG_ANALYZER_NUMBER_OBJECT_CONVERSION = YES_AGGRESSIVE;
				CLANG_CXX_LANGUAGE_STANDARD = "gnu++20";
				CLANG_ENABLE_MODULES = YES;
				CLANG_ENABLE_OBJC_ARC = YES;
				CLANG_ENABLE_OBJC_WEAK = YES;
				CLANG_WARN_BLOCK_CAPTURE_AUTORELEASING = YES;
				CLANG_WARN_BOOL_CONVERSION = YES;
				CLANG_WARN_COMMA = YES;
				CLANG_WARN_CONSTANT_CONVERSION = YES;
				CLANG_WARN_DEPRECATED_OBJC_IMPLEMENTATIONS = YES;
				CLANG_WARN_DIRECT_OBJC_ISA_USAGE = YES_ERROR;
				CLANG_WARN_DOCUMENTATION_COMMENTS = YES;
				CLANG_WARN_EMPTY_BODY = YES;
				CLANG_WARN_ENUM_CONVERSION = YES;
				CLANG_WARN_INFINITE_RECURSION = YES;
				CLANG_WARN_INT_CONVERSION = YES;
				CLANG_WARN_NON_LITERAL_NULL_CONVERSION = YES;
				CLANG_WARN_OBJC_IMPLICIT_RETAIN_SELF = YES;
				CLANG_WARN_OBJC_LITERAL_CONVERSION = YES;
				CLANG_WARN_OBJC_ROOT_CLASS = YES_ERROR;
				CLANG_WARN_QUOTED_INCLUDE_IN_FRAMEWORK_HEADER = YES;
				CLANG_WARN_RANGE_LOOP_ANALYSIS = YES;
				CLANG_WARN_STRICT_PROTOTYPES = YES;
				CLANG_WARN_SUSPICIOUS_MOVE = YES;
				CLANG_WARN_UNGUARDED_AVAILABILITY = YES_AGGRESSIVE;
				CLANG_WARN_UNREACHABLE_CODE = YES;
				CLANG_WARN__DUPLICATE_METHOD_MATCH = YES;
				COPY_PHASE_STRIP = NO;
				DEBUG_INFORMATION_FORMAT = dwarf;
				ENABLE_STRICT_OBJC_MSGSEND = YES;
				ENABLE_TESTABILITY = YES;
				ENABLE_USER_SCRIPT_SANDBOXING = YES;
				GCC_C_LANGUAGE_STANDARD = gnu17;
				GCC_DYNAMIC_NO_PIC = NO;
				GCC_NO_COMMON_BLOCKS = YES;
				GCC_OPTIMIZATION_LEVEL = 0;
				GCC_PREPROCESSOR_DEFINITIONS = (
					"DEBUG=1",
					"$(inherited)",
				);
				GCC_WARN_64_TO_32_BIT_CONVERSION = YES;
				GCC_WARN_ABOUT_RETURN_TYPE = YES_ERROR;
				GCC_WARN_UNDECLARED_SELECTOR = YES;
				GCC_WARN_UNINITIALIZED_AUTOS = YES_AGGRESSIVE;
				GCC_WARN_UNUSED_FUNCTION = YES;
				GCC_WARN_UNUSED_VARIABLE = YES;
				IPHONEOS_DEPLOYMENT_TARGET = 17.5;
				LOCALIZATION_PREFERS_STRING_CATALOGS = YES;
				MTL_ENABLE_DEBUG_INFO = INCLUDE_SOURCE;
				MTL_FAST_MATH = YES;
				ONLY_ACTIVE_ARCH = YES;
				SDKROOT = iphoneos;
				SWIFT_ACTIVE_COMPILATION_CONDITIONS = "DEBUG $(inherited)";
				SWIFT_OPTIMIZATION_LEVEL = "-Onone";
			};
			name = Debug;
		};
		4B1E1B2F2C51D67800D5BDEB /* Release */ = {
			isa = XCBuildConfiguration;
			buildSettings = {
				ALWAYS_SEARCH_USER_PATHS = NO;
				ASSETCATALOG_COMPILER_GENERATE_SWIFT_ASSET_SYMBOL_EXTENSIONS = YES;
				CLANG_ANALYZER_NONNULL = YES;
				CLANG_ANALYZER_NUMBER_OBJECT_CONVERSION = YES_AGGRESSIVE;
				CLANG_CXX_LANGUAGE_STANDARD = "gnu++20";
				CLANG_ENABLE_MODULES = YES;
				CLANG_ENABLE_OBJC_ARC = YES;
				CLANG_ENABLE_OBJC_WEAK = YES;
				CLANG_WARN_BLOCK_CAPTURE_AUTORELEASING = YES;
				CLANG_WARN_BOOL_CONVERSION = YES;
				CLANG_WARN_COMMA = YES;
				CLANG_WARN_CONSTANT_CONVERSION = YES;
				CLANG_WARN_DEPRECATED_OBJC_IMPLEMENTATIONS = YES;
				CLANG_WARN_DIRECT_OBJC_ISA_USAGE = YES_ERROR;
				CLANG_WARN_DOCUMENTATION_COMMENTS = YES;
				CLANG_WARN_EMPTY_BODY = YES;
				CLANG_WARN_ENUM_CONVERSION = YES;
				CLANG_WARN_INFINITE_RECURSION = YES;
				CLANG_WARN_INT_CONVERSION = YES;
				CLANG_WARN_NON_LITERAL_NULL_CONVERSION = YES;
				CLANG_WARN_OBJC_IMPLICIT_RETAIN_SELF = YES;
				CLANG_WARN_OBJC_LITERAL_CONVERSION = YES;
				CLANG_WARN_OBJC_ROOT_CLASS = YES_ERROR;
				CLANG_WARN_QUOTED_INCLUDE_IN_FRAMEWORK_HEADER = YES;
				CLANG_WARN_RANGE_LOOP_ANALYSIS = YES;
				CLANG_WARN_STRICT_PROTOTYPES = YES;
				CLANG_WARN_SUSPICIOUS_MOVE = YES;
				CLANG_WARN_UNGUARDED_AVAILABILITY = YES_AGGRESSIVE;
				CLANG_WARN_UNREACHABLE_CODE = YES;
				CLANG_WARN__DUPLICATE_METHOD_MATCH = YES;
				COPY_PHASE_STRIP = NO;
				DEBUG_INFORMATION_FORMAT = "dwarf-with-dsym";
				ENABLE_NS_ASSERTIONS = NO;
				ENABLE_STRICT_OBJC_MSGSEND = YES;
				ENABLE_USER_SCRIPT_SANDBOXING = YES;
				GCC_C_LANGUAGE_STANDARD = gnu17;
				GCC_NO_COMMON_BLOCKS = YES;
				GCC_WARN_64_TO_32_BIT_CONVERSION = YES;
				GCC_WARN_ABOUT_RETURN_TYPE = YES_ERROR;
				GCC_WARN_UNDECLARED_SELECTOR = YES;
				GCC_WARN_UNINITIALIZED_AUTOS = YES_AGGRESSIVE;
				GCC_WARN_UNUSED_FUNCTION = YES;
				GCC_WARN_UNUSED_VARIABLE = YES;
				IPHONEOS_DEPLOYMENT_TARGET = 17.5;
				LOCALIZATION_PREFERS_STRING_CATALOGS = YES;
				MTL_ENABLE_DEBUG_INFO = NO;
				MTL_FAST_MATH = YES;
				SDKROOT = iphoneos;
				SWIFT_COMPILATION_MODE = wholemodule;
				VALIDATE_PRODUCT = YES;
			};
			name = Release;
		};
		4B1E1B312C51D67800D5BDEB /* Debug */ = {
			isa = XCBuildConfiguration;
			baseConfigurationReference = 340F31853FCDFF6D5042412C /* Pods-Socially-UIKit.debug.xcconfig */;
			buildSettings = {
				ASSETCATALOG_COMPILER_APPICON_NAME = AppIcon;
				ASSETCATALOG_COMPILER_GLOBAL_ACCENT_COLOR_NAME = AccentColor;
				CODE_SIGN_ENTITLEMENTS = "Socially-UIKit/Socially-UIKit.entitlements";
				CODE_SIGN_STYLE = Automatic;
				CURRENT_PROJECT_VERSION = 1;
				ENABLE_USER_SCRIPT_SANDBOXING = NO;
				GENERATE_INFOPLIST_FILE = YES;
				INFOPLIST_FILE = "Socially-UIKit/Info.plist";
				INFOPLIST_KEY_UIApplicationSupportsIndirectInputEvents = YES;
				INFOPLIST_KEY_UILaunchStoryboardName = LaunchScreen;
				INFOPLIST_KEY_UISupportedInterfaceOrientations_iPad = "UIInterfaceOrientationPortrait UIInterfaceOrientationPortraitUpsideDown UIInterfaceOrientationLandscapeLeft UIInterfaceOrientationLandscapeRight";
				INFOPLIST_KEY_UISupportedInterfaceOrientations_iPhone = "UIInterfaceOrientationPortrait UIInterfaceOrientationLandscapeLeft UIInterfaceOrientationLandscapeRight";
				LD_RUNPATH_SEARCH_PATHS = (
					"$(inherited)",
					"@executable_path/Frameworks",
				);
				MARKETING_VERSION = 1.0;
				PRODUCT_BUNDLE_IDENTIFIER = kr.co.codegrove.Socially;
				PRODUCT_NAME = "$(TARGET_NAME)";
				SWIFT_EMIT_LOC_STRINGS = YES;
				SWIFT_VERSION = 5.0;
				TARGETED_DEVICE_FAMILY = "1,2";
			};
			name = Debug;
		};
		4B1E1B322C51D67800D5BDEB /* Release */ = {
			isa = XCBuildConfiguration;
			baseConfigurationReference = 16000E11AF42023AEFBB0B3B /* Pods-Socially-UIKit.release.xcconfig */;
			buildSettings = {
				ASSETCATALOG_COMPILER_APPICON_NAME = AppIcon;
				ASSETCATALOG_COMPILER_GLOBAL_ACCENT_COLOR_NAME = AccentColor;
				CODE_SIGN_ENTITLEMENTS = "Socially-UIKit/Socially-UIKit.entitlements";
				CODE_SIGN_STYLE = Automatic;
				CURRENT_PROJECT_VERSION = 1;
				ENABLE_USER_SCRIPT_SANDBOXING = NO;
				GENERATE_INFOPLIST_FILE = YES;
				INFOPLIST_FILE = "Socially-UIKit/Info.plist";
				INFOPLIST_KEY_UIApplicationSupportsIndirectInputEvents = YES;
				INFOPLIST_KEY_UILaunchStoryboardName = LaunchScreen;
				INFOPLIST_KEY_UISupportedInterfaceOrientations_iPad = "UIInterfaceOrientationPortrait UIInterfaceOrientationPortraitUpsideDown UIInterfaceOrientationLandscapeLeft UIInterfaceOrientationLandscapeRight";
				INFOPLIST_KEY_UISupportedInterfaceOrientations_iPhone = "UIInterfaceOrientationPortrait UIInterfaceOrientationLandscapeLeft UIInterfaceOrientationLandscapeRight";
				LD_RUNPATH_SEARCH_PATHS = (
					"$(inherited)",
					"@executable_path/Frameworks",
				);
				MARKETING_VERSION = 1.0;
				PRODUCT_BUNDLE_IDENTIFIER = kr.co.codegrove.Socially;
				PRODUCT_NAME = "$(TARGET_NAME)";
				SWIFT_EMIT_LOC_STRINGS = YES;
				SWIFT_VERSION = 5.0;
				TARGETED_DEVICE_FAMILY = "1,2";
			};
			name = Release;
		};
/* End XCBuildConfiguration section */

/* Begin XCConfigurationList section */
		4B1E1B172C51D67700D5BDEB /* Build configuration list for PBXProject "Socially-UIKit" */ = {
			isa = XCConfigurationList;
			buildConfigurations = (
				4B1E1B2E2C51D67800D5BDEB /* Debug */,
				4B1E1B2F2C51D67800D5BDEB /* Release */,
			);
			defaultConfigurationIsVisible = 0;
			defaultConfigurationName = Release;
		};
		4B1E1B302C51D67800D5BDEB /* Build configuration list for PBXNativeTarget "Socially-UIKit" */ = {
			isa = XCConfigurationList;
			buildConfigurations = (
				4B1E1B312C51D67800D5BDEB /* Debug */,
				4B1E1B322C51D67800D5BDEB /* Release */,
			);
			defaultConfigurationIsVisible = 0;
			defaultConfigurationName = Release;
		};
/* End XCConfigurationList section */
	};
	rootObject = 4B1E1B142C51D67700D5BDEB /* Project object */;
}
