// !$*UTF8*$!
{
	archiveVersion = 1;
	classes = {
	};
	objectVersion = 56;
	objects = {

/* Begin PBXBuildFile section */
		4B1DC98B2C4DE8CC009AA8F3 /* NoteAppApp.swift in Sources */ = {isa = PBXBuildFile; fileRef = 4B1DC98A2C4DE8CC009AA8F3 /* NoteAppApp.swift */; };
		4B1DC98D2C4DE8CC009AA8F3 /* NoteListView.swift in Sources */ = {isa = PBXBuildFile; fileRef = 4B1DC98C2C4DE8CC009AA8F3 /* NoteListView.swift */; };
		4B1DC98F2C4DE8CD009AA8F3 /* Assets.xcassets in Resources */ = {isa = PBXBuildFile; fileRef = 4B1DC98E2C4DE8CD009AA8F3 /* Assets.xcassets */; };
		4B1DC9922C4DE8CD009AA8F3 /* Preview Assets.xcassets in Resources */ = {isa = PBXBuildFile; fileRef = 4B1DC9912C4DE8CD009AA8F3 /* Preview Assets.xcassets */; };
		4B1DC9992C4DEBF1009AA8F3 /* GoogleService-Info.plist in Resources */ = {isa = PBXBuildFile; fileRef = 4B1DC9982C4DEBF1009AA8F3 /* GoogleService-Info.plist */; };
		4B1DC99C2C4DEDDA009AA8F3 /* FirebaseAuth in Frameworks */ = {isa = PBXBuildFile; productRef = 4B1DC99B2C4DEDDA009AA8F3 /* FirebaseAuth */; };
		4B1DC99E2C4DEDDA009AA8F3 /* FirebaseFirestore in Frameworks */ = {isa = PBXBuildFile; productRef = 4B1DC99D2C4DEDDA009AA8F3 /* FirebaseFirestore */; };
		4B1DC9A02C4DEDDA009AA8F3 /* FirebaseFirestoreSwift in Frameworks */ = {isa = PBXBuildFile; productRef = 4B1DC99F2C4DEDDA009AA8F3 /* FirebaseFirestoreSwift */; };
		4B1DC9A22C4DF8BD009AA8F3 /* Note.swift in Sources */ = {isa = PBXBuildFile; fileRef = 4B1DC9A12C4DF8BD009AA8F3 /* Note.swift */; };
		4B1DC9A42C4DF910009AA8F3 /* NoteViewModel.swift in Sources */ = {isa = PBXBuildFile; fileRef = 4B1DC9A32C4DF910009AA8F3 /* NoteViewModel.swift */; };
		4B1DC9A82C4DFF26009AA8F3 /* FormView.swift in Sources */ = {isa = PBXBuildFile; fileRef = 4B1DC9A72C4DFF26009AA8F3 /* FormView.swift */; };
		4B1DC9AA2C4E2353009AA8F3 /* DetailsView.swift in Sources */ = {isa = PBXBuildFile; fileRef = 4B1DC9A92C4E2353009AA8F3 /* DetailsView.swift */; };
		4B61F68D2C4F2CB700FDF5A4 /* AuthViewModel.swift in Sources */ = {isa = PBXBuildFile; fileRef = 4B61F68C2C4F2CB700FDF5A4 /* AuthViewModel.swift */; };
		4B61F68F2C4F2E3000FDF5A4 /* HolderView.swift in Sources */ = {isa = PBXBuildFile; fileRef = 4B61F68E2C4F2E3000FDF5A4 /* HolderView.swift */; };
		4B61F6912C4F2E9800FDF5A4 /* SignUpView.swift in Sources */ = {isa = PBXBuildFile; fileRef = 4B61F6902C4F2E9800FDF5A4 /* SignUpView.swift */; };
		4B61F6932C4F42EC00FDF5A4 /* ResetPasswordView.swift in Sources */ = {isa = PBXBuildFile; fileRef = 4B61F6922C4F42EC00FDF5A4 /* ResetPasswordView.swift */; };
/* End PBXBuildFile section */

/* Begin PBXFileReference section */
		4B1DC9872C4DE8CC009AA8F3 /* NoteApp.app */ = {isa = PBXFileReference; explicitFileType = wrapper.application; includeInIndex = 0; path = NoteApp.app; sourceTree = BUILT_PRODUCTS_DIR; };
		4B1DC98A2C4DE8CC009AA8F3 /* NoteAppApp.swift */ = {isa = PBXFileReference; lastKnownFileType = sourcecode.swift; path = NoteAppApp.swift; sourceTree = "<group>"; };
		4B1DC98C2C4DE8CC009AA8F3 /* NoteListView.swift */ = {isa = PBXFileReference; lastKnownFileType = sourcecode.swift; path = NoteListView.swift; sourceTree = "<group>"; };
		4B1DC98E2C4DE8CD009AA8F3 /* Assets.xcassets */ = {isa = PBXFileReference; lastKnownFileType = folder.assetcatalog; path = Assets.xcassets; sourceTree = "<group>"; };
		4B1DC9912C4DE8CD009AA8F3 /* Preview Assets.xcassets */ = {isa = PBXFileReference; lastKnownFileType = folder.assetcatalog; path = "Preview Assets.xcassets"; sourceTree = "<group>"; };
		4B1DC9982C4DEBF1009AA8F3 /* GoogleService-Info.plist */ = {isa = PBXFileReference; fileEncoding = 4; lastKnownFileType = text.plist.xml; name = "GoogleService-Info.plist"; path = "NoteApp/GoogleService-Info.plist"; sourceTree = "<group>"; };
		4B1DC9A12C4DF8BD009AA8F3 /* Note.swift */ = {isa = PBXFileReference; lastKnownFileType = sourcecode.swift; path = Note.swift; sourceTree = "<group>"; };
		4B1DC9A32C4DF910009AA8F3 /* NoteViewModel.swift */ = {isa = PBXFileReference; lastKnownFileType = sourcecode.swift; path = NoteViewModel.swift; sourceTree = "<group>"; };
		4B1DC9A72C4DFF26009AA8F3 /* FormView.swift */ = {isa = PBXFileReference; lastKnownFileType = sourcecode.swift; path = FormView.swift; sourceTree = "<group>"; };
		4B1DC9A92C4E2353009AA8F3 /* DetailsView.swift */ = {isa = PBXFileReference; lastKnownFileType = sourcecode.swift; path = DetailsView.swift; sourceTree = "<group>"; };
		4B61F68C2C4F2CB700FDF5A4 /* AuthViewModel.swift */ = {isa = PBXFileReference; lastKnownFileType = sourcecode.swift; path = AuthViewModel.swift; sourceTree = "<group>"; };
		4B61F68E2C4F2E3000FDF5A4 /* HolderView.swift */ = {isa = PBXFileReference; lastKnownFileType = sourcecode.swift; path = HolderView.swift; sourceTree = "<group>"; };
		4B61F6902C4F2E9800FDF5A4 /* SignUpView.swift */ = {isa = PBXFileReference; lastKnownFileType = sourcecode.swift; path = SignUpView.swift; sourceTree = "<group>"; };
		4B61F6922C4F42EC00FDF5A4 /* ResetPasswordView.swift */ = {isa = PBXFileReference; lastKnownFileType = sourcecode.swift; path = ResetPasswordView.swift; sourceTree = "<group>"; };
/* End PBXFileReference section */

/* Begin PBXFrameworksBuildPhase section */
		4B1DC9842C4DE8CC009AA8F3 /* Frameworks */ = {
			isa = PBXFrameworksBuildPhase;
			buildActionMask = 2147483647;
			files = (
				4B1DC99C2C4DEDDA009AA8F3 /* FirebaseAuth in Frameworks */,
				4B1DC99E2C4DEDDA009AA8F3 /* FirebaseFirestore in Frameworks */,
				4B1DC9A02C4DEDDA009AA8F3 /* FirebaseFirestoreSwift in Frameworks */,
			);
			runOnlyForDeploymentPostprocessing = 0;
		};
/* End PBXFrameworksBuildPhase section */

/* Begin PBXGroup section */
		4B1DC97E2C4DE8CC009AA8F3 = {
			isa = PBXGroup;
			children = (
				4B1DC9982C4DEBF1009AA8F3 /* GoogleService-Info.plist */,
				4B1DC9892C4DE8CC009AA8F3 /* NoteApp */,
				4B1DC9882C4DE8CC009AA8F3 /* Products */,
			);
			sourceTree = "<group>";
		};
		4B1DC9882C4DE8CC009AA8F3 /* Products */ = {
			isa = PBXGroup;
			children = (
				4B1DC9872C4DE8CC009AA8F3 /* NoteApp.app */,
			);
			name = Products;
			sourceTree = "<group>";
		};
		4B1DC9892C4DE8CC009AA8F3 /* NoteApp */ = {
			isa = PBXGroup;
			children = (
				4B1DC98A2C4DE8CC009AA8F3 /* NoteAppApp.swift */,
				4B61F6AF2C4F688500FDF5A4 /* Models */,
				4B61F6B12C4F68D100FDF5A4 /* ViewModels */,
				4B61F6B02C4F68B900FDF5A4 /* NoteViews */,
				4B61F6AE2C4F687700FDF5A4 /* AuthViews */,
				4B1DC98E2C4DE8CD009AA8F3 /* Assets.xcassets */,
				4B1DC9902C4DE8CD009AA8F3 /* Preview Content */,
			);
			path = NoteApp;
			sourceTree = "<group>";
		};
		4B1DC9902C4DE8CD009AA8F3 /* Preview Content */ = {
			isa = PBXGroup;
			children = (
				4B1DC9912C4DE8CD009AA8F3 /* Preview Assets.xcassets */,
			);
			path = "Preview Content";
			sourceTree = "<group>";
		};
		4B61F6AE2C4F687700FDF5A4 /* AuthViews */ = {
			isa = PBXGroup;
			children = (
				4B61F6902C4F2E9800FDF5A4 /* SignUpView.swift */,
				4B61F6922C4F42EC00FDF5A4 /* ResetPasswordView.swift */,
			);
			path = AuthViews;
			sourceTree = "<group>";
		};
		4B61F6AF2C4F688500FDF5A4 /* Models */ = {
			isa = PBXGroup;
			children = (
				4B1DC9A12C4DF8BD009AA8F3 /* Note.swift */,
			);
			path = Models;
			sourceTree = "<group>";
		};
		4B61F6B02C4F68B900FDF5A4 /* NoteViews */ = {
			isa = PBXGroup;
			children = (
				4B61F68E2C4F2E3000FDF5A4 /* HolderView.swift */,
				4B1DC9A72C4DFF26009AA8F3 /* FormView.swift */,
				4B1DC98C2C4DE8CC009AA8F3 /* NoteListView.swift */,
				4B1DC9A92C4E2353009AA8F3 /* DetailsView.swift */,
			);
			path = NoteViews;
			sourceTree = "<group>";
		};
		4B61F6B12C4F68D100FDF5A4 /* ViewModels */ = {
			isa = PBXGroup;
			children = (
				4B1DC9A32C4DF910009AA8F3 /* NoteViewModel.swift */,
				4B61F68C2C4F2CB700FDF5A4 /* AuthViewModel.swift */,
			);
			path = ViewModels;
			sourceTree = "<group>";
		};
/* End PBXGroup section */

/* Begin PBXNativeTarget section */
		4B1DC9862C4DE8CC009AA8F3 /* NoteApp */ = {
			isa = PBXNativeTarget;
			buildConfigurationList = 4B1DC9952C4DE8CD009AA8F3 /* Build configuration list for PBXNativeTarget "NoteApp" */;
			buildPhases = (
				4B1DC9832C4DE8CC009AA8F3 /* Sources */,
				4B1DC9842C4DE8CC009AA8F3 /* Frameworks */,
				4B1DC9852C4DE8CC009AA8F3 /* Resources */,
			);
			buildRules = (
			);
			dependencies = (
			);
			name = NoteApp;
			packageProductDependencies = (
				4B1DC99B2C4DEDDA009AA8F3 /* FirebaseAuth */,
				4B1DC99D2C4DEDDA009AA8F3 /* FirebaseFirestore */,
				4B1DC99F2C4DEDDA009AA8F3 /* FirebaseFirestoreSwift */,
			);
			productName = NoteApp;
			productReference = 4B1DC9872C4DE8CC009AA8F3 /* NoteApp.app */;
			productType = "com.apple.product-type.application";
		};
/* End PBXNativeTarget section */

/* Begin PBXProject section */
		4B1DC97F2C4DE8CC009AA8F3 /* Project object */ = {
			isa = PBXProject;
			attributes = {
				BuildIndependentTargetsInParallel = 1;
				LastSwiftUpdateCheck = 1540;
				LastUpgradeCheck = 1540;
				TargetAttributes = {
					4B1DC9862C4DE8CC009AA8F3 = {
						CreatedOnToolsVersion = 15.4;
					};
				};
			};
			buildConfigurationList = 4B1DC9822C4DE8CC009AA8F3 /* Build configuration list for PBXProject "NoteApp" */;
			compatibilityVersion = "Xcode 14.0";
			developmentRegion = en;
			hasScannedForEncodings = 0;
			knownRegions = (
				en,
				Base,
			);
			mainGroup = 4B1DC97E2C4DE8CC009AA8F3;
			packageReferences = (
				4B1DC99A2C4DEDDA009AA8F3 /* XCRemoteSwiftPackageReference "firebase-ios-sdk" */,
			);
			productRefGroup = 4B1DC9882C4DE8CC009AA8F3 /* Products */;
			projectDirPath = "";
			projectRoot = "";
			targets = (
				4B1DC9862C4DE8CC009AA8F3 /* NoteApp */,
			);
		};
/* End PBXProject section */

/* Begin PBXResourcesBuildPhase section */
		4B1DC9852C4DE8CC009AA8F3 /* Resources */ = {
			isa = PBXResourcesBuildPhase;
			buildActionMask = 2147483647;
			files = (
				4B1DC9922C4DE8CD009AA8F3 /* Preview Assets.xcassets in Resources */,
				4B1DC98F2C4DE8CD009AA8F3 /* Assets.xcassets in Resources */,
				4B1DC9992C4DEBF1009AA8F3 /* GoogleService-Info.plist in Resources */,
			);
			runOnlyForDeploymentPostprocessing = 0;
		};
/* End PBXResourcesBuildPhase section */

/* Begin PBXSourcesBuildPhase section */
		4B1DC9832C4DE8CC009AA8F3 /* Sources */ = {
			isa = PBXSourcesBuildPhase;
			buildActionMask = 2147483647;
			files = (
				4B1DC9A42C4DF910009AA8F3 /* NoteViewModel.swift in Sources */,
				4B1DC98D2C4DE8CC009AA8F3 /* NoteListView.swift in Sources */,
				4B1DC9A82C4DFF26009AA8F3 /* FormView.swift in Sources */,
				4B61F68D2C4F2CB700FDF5A4 /* AuthViewModel.swift in Sources */,
				4B61F68F2C4F2E3000FDF5A4 /* HolderView.swift in Sources */,
				4B1DC98B2C4DE8CC009AA8F3 /* NoteAppApp.swift in Sources */,
				4B1DC9A22C4DF8BD009AA8F3 /* Note.swift in Sources */,
				4B61F6932C4F42EC00FDF5A4 /* ResetPasswordView.swift in Sources */,
				4B61F6912C4F2E9800FDF5A4 /* SignUpView.swift in Sources */,
				4B1DC9AA2C4E2353009AA8F3 /* DetailsView.swift in Sources */,
			);
			runOnlyForDeploymentPostprocessing = 0;
		};
/* End PBXSourcesBuildPhase section */

/* Begin XCBuildConfiguration section */
		4B1DC9932C4DE8CD009AA8F3 /* Debug */ = {
			isa = XCBuildConfiguration;
			buildSettings = {
				ALWAYS_SEARCH_USER_PATHS = NO;
				ASSETCATALOG_COMPILER_GENERATE_SWIFT_ASSET_SYMBOL_EXTENSIONS = YES;
				CLANG_ANALYZER_NONNULL = YES;
				CLANG_ANALYZER_NUMBER_OBJECT_CONVERSION = YES_AGGRESSIVE;
				CLANG_CXX_LANGUAGE_STANDARD = "gnu++20";
				CLANG_ENABLE_MODULES = YES;
				CLANG_ENABLE_OBJC_ARC = YES;
				CLANG_ENABLE_OBJC_WEAK = YES;
				CLANG_WARN_BLOCK_CAPTURE_AUTORELEASING = YES;
				CLANG_WARN_BOOL_CONVERSION = YES;
				CLANG_WARN_COMMA = YES;
				CLANG_WARN_CONSTANT_CONVERSION = YES;
				CLANG_WARN_DEPRECATED_OBJC_IMPLEMENTATIONS = YES;
				CLANG_WARN_DIRECT_OBJC_ISA_USAGE = YES_ERROR;
				CLANG_WARN_DOCUMENTATION_COMMENTS = YES;
				CLANG_WARN_EMPTY_BODY = YES;
				CLANG_WARN_ENUM_CONVERSION = YES;
				CLANG_WARN_INFINITE_RECURSION = YES;
				CLANG_WARN_INT_CONVERSION = YES;
				CLANG_WARN_NON_LITERAL_NULL_CONVERSION = YES;
				CLANG_WARN_OBJC_IMPLICIT_RETAIN_SELF = YES;
				CLANG_WARN_OBJC_LITERAL_CONVERSION = YES;
				CLANG_WARN_OBJC_ROOT_CLASS = YES_ERROR;
				CLANG_WARN_QUOTED_INCLUDE_IN_FRAMEWORK_HEADER = YES;
				CLANG_WARN_RANGE_LOOP_ANALYSIS = YES;
				CLANG_WARN_STRICT_PROTOTYPES = YES;
				CLANG_WARN_SUSPICIOUS_MOVE = YES;
				CLANG_WARN_UNGUARDED_AVAILABILITY = YES_AGGRESSIVE;
				CLANG_WARN_UNREACHABLE_CODE = YES;
				CLANG_WARN__DUPLICATE_METHOD_MATCH = YES;
				COPY_PHASE_STRIP = NO;
				DEBUG_INFORMATION_FORMAT = dwarf;
				ENABLE_STRICT_OBJC_MSGSEND = YES;
				ENABLE_TESTABILITY = YES;
				ENABLE_USER_SCRIPT_SANDBOXING = YES;
				GCC_C_LANGUAGE_STANDARD = gnu17;
				GCC_DYNAMIC_NO_PIC = NO;
				GCC_NO_COMMON_BLOCKS = YES;
				GCC_OPTIMIZATION_LEVEL = 0;
				GCC_PREPROCESSOR_DEFINITIONS = (
					"DEBUG=1",
					"$(inherited)",
				);
				GCC_WARN_64_TO_32_BIT_CONVERSION = YES;
				GCC_WARN_ABOUT_RETURN_TYPE = YES_ERROR;
				GCC_WARN_UNDECLARED_SELECTOR = YES;
				GCC_WARN_UNINITIALIZED_AUTOS = YES_AGGRESSIVE;
				GCC_WARN_UNUSED_FUNCTION = YES;
				GCC_WARN_UNUSED_VARIABLE = YES;
				IPHONEOS_DEPLOYMENT_TARGET = 17.5;
				LOCALIZATION_PREFERS_STRING_CATALOGS = YES;
				MTL_ENABLE_DEBUG_INFO = INCLUDE_SOURCE;
				MTL_FAST_MATH = YES;
				ONLY_ACTIVE_ARCH = YES;
				SDKROOT = iphoneos;
				SWIFT_ACTIVE_COMPILATION_CONDITIONS = "DEBUG $(inherited)";
				SWIFT_OPTIMIZATION_LEVEL = "-Onone";
			};
			name = Debug;
		};
		4B1DC9942C4DE8CD009AA8F3 /* Release */ = {
			isa = XCBuildConfiguration;
			buildSettings = {
				ALWAYS_SEARCH_USER_PATHS = NO;
				ASSETCATALOG_COMPILER_GENERATE_SWIFT_ASSET_SYMBOL_EXTENSIONS = YES;
				CLANG_ANALYZER_NONNULL = YES;
				CLANG_ANALYZER_NUMBER_OBJECT_CONVERSION = YES_AGGRESSIVE;
				CLANG_CXX_LANGUAGE_STANDARD = "gnu++20";
				CLANG_ENABLE_MODULES = YES;
				CLANG_ENABLE_OBJC_ARC = YES;
				CLANG_ENABLE_OBJC_WEAK = YES;
				CLANG_WARN_BLOCK_CAPTURE_AUTORELEASING = YES;
				CLANG_WARN_BOOL_CONVERSION = YES;
				CLANG_WARN_COMMA = YES;
				CLANG_WARN_CONSTANT_CONVERSION = YES;
				CLANG_WARN_DEPRECATED_OBJC_IMPLEMENTATIONS = YES;
				CLANG_WARN_DIRECT_OBJC_ISA_USAGE = YES_ERROR;
				CLANG_WARN_DOCUMENTATION_COMMENTS = YES;
				CLANG_WARN_EMPTY_BODY = YES;
				CLANG_WARN_ENUM_CONVERSION = YES;
				CLANG_WARN_INFINITE_RECURSION = YES;
				CLANG_WARN_INT_CONVERSION = YES;
				CLANG_WARN_NON_LITERAL_NULL_CONVERSION = YES;
				CLANG_WARN_OBJC_IMPLICIT_RETAIN_SELF = YES;
				CLANG_WARN_OBJC_LITERAL_CONVERSION = YES;
				CLANG_WARN_OBJC_ROOT_CLASS = YES_ERROR;
				CLANG_WARN_QUOTED_INCLUDE_IN_FRAMEWORK_HEADER = YES;
				CLANG_WARN_RANGE_LOOP_ANALYSIS = YES;
				CLANG_WARN_STRICT_PROTOTYPES = YES;
				CLANG_WARN_SUSPICIOUS_MOVE = YES;
				CLANG_WARN_UNGUARDED_AVAILABILITY = YES_AGGRESSIVE;
				CLANG_WARN_UNREACHABLE_CODE = YES;
				CLANG_WARN__DUPLICATE_METHOD_MATCH = YES;
				COPY_PHASE_STRIP = NO;
				DEBUG_INFORMATION_FORMAT = "dwarf-with-dsym";
				ENABLE_NS_ASSERTIONS = NO;
				ENABLE_STRICT_OBJC_MSGSEND = YES;
				ENABLE_USER_SCRIPT_SANDBOXING = YES;
				GCC_C_LANGUAGE_STANDARD = gnu17;
				GCC_NO_COMMON_BLOCKS = YES;
				GCC_WARN_64_TO_32_BIT_CONVERSION = YES;
				GCC_WARN_ABOUT_RETURN_TYPE = YES_ERROR;
				GCC_WARN_UNDECLARED_SELECTOR = YES;
				GCC_WARN_UNINITIALIZED_AUTOS = YES_AGGRESSIVE;
				GCC_WARN_UNUSED_FUNCTION = YES;
				GCC_WARN_UNUSED_VARIABLE = YES;
				IPHONEOS_DEPLOYMENT_TARGET = 17.5;
				LOCALIZATION_PREFERS_STRING_CATALOGS = YES;
				MTL_ENABLE_DEBUG_INFO = NO;
				MTL_FAST_MATH = YES;
				SDKROOT = iphoneos;
				SWIFT_COMPILATION_MODE = wholemodule;
				VALIDATE_PRODUCT = YES;
			};
			name = Release;
		};
		4B1DC9962C4DE8CD009AA8F3 /* Debug */ = {
			isa = XCBuildConfiguration;
			buildSettings = {
				ASSETCATALOG_COMPILER_APPICON_NAME = AppIcon;
				ASSETCATALOG_COMPILER_GLOBAL_ACCENT_COLOR_NAME = AccentColor;
				CODE_SIGN_STYLE = Automatic;
				CURRENT_PROJECT_VERSION = 1;
				DEVELOPMENT_ASSET_PATHS = "\"NoteApp/Preview Content\"";
				DEVELOPMENT_TEAM = 39626F6B8U;
				ENABLE_PREVIEWS = YES;
				GENERATE_INFOPLIST_FILE = YES;
				INFOPLIST_KEY_UIApplicationSceneManifest_Generation = YES;
				INFOPLIST_KEY_UIApplicationSupportsIndirectInputEvents = YES;
				INFOPLIST_KEY_UILaunchScreen_Generation = YES;
				INFOPLIST_KEY_UISupportedInterfaceOrientations_iPad = "UIInterfaceOrientationPortrait UIInterfaceOrientationPortraitUpsideDown UIInterfaceOrientationLandscapeLeft UIInterfaceOrientationLandscapeRight";
				INFOPLIST_KEY_UISupportedInterfaceOrientations_iPhone = "UIInterfaceOrientationPortrait UIInterfaceOrientationLandscapeLeft UIInterfaceOrientationLandscapeRight";
				LD_RUNPATH_SEARCH_PATHS = (
					"$(inherited)",
					"@executable_path/Frameworks",
				);
				MARKETING_VERSION = 1.0;
				PRODUCT_BUNDLE_IDENTIFIER = com.jaesuneo.NoteApp;
				PRODUCT_NAME = "$(TARGET_NAME)";
				SWIFT_EMIT_LOC_STRINGS = YES;
				SWIFT_VERSION = 5.0;
				TARGETED_DEVICE_FAMILY = "1,2";
			};
			name = Debug;
		};
		4B1DC9972C4DE8CD009AA8F3 /* Release */ = {
			isa = XCBuildConfiguration;
			buildSettings = {
				ASSETCATALOG_COMPILER_APPICON_NAME = AppIcon;
				ASSETCATALOG_COMPILER_GLOBAL_ACCENT_COLOR_NAME = AccentColor;
				CODE_SIGN_STYLE = Automatic;
				CURRENT_PROJECT_VERSION = 1;
				DEVELOPMENT_ASSET_PATHS = "\"NoteApp/Preview Content\"";
				DEVELOPMENT_TEAM = 39626F6B8U;
				ENABLE_PREVIEWS = YES;
				GENERATE_INFOPLIST_FILE = YES;
				INFOPLIST_KEY_UIApplicationSceneManifest_Generation = YES;
				INFOPLIST_KEY_UIApplicationSupportsIndirectInputEvents = YES;
				INFOPLIST_KEY_UILaunchScreen_Generation = YES;
				INFOPLIST_KEY_UISupportedInterfaceOrientations_iPad = "UIInterfaceOrientationPortrait UIInterfaceOrientationPortraitUpsideDown UIInterfaceOrientationLandscapeLeft UIInterfaceOrientationLandscapeRight";
				INFOPLIST_KEY_UISupportedInterfaceOrientations_iPhone = "UIInterfaceOrientationPortrait UIInterfaceOrientationLandscapeLeft UIInterfaceOrientationLandscapeRight";
				LD_RUNPATH_SEARCH_PATHS = (
					"$(inherited)",
					"@executable_path/Frameworks",
				);
				MARKETING_VERSION = 1.0;
				PRODUCT_BUNDLE_IDENTIFIER = com.jaesuneo.NoteApp;
				PRODUCT_NAME = "$(TARGET_NAME)";
				SWIFT_EMIT_LOC_STRINGS = YES;
				SWIFT_VERSION = 5.0;
				TARGETED_DEVICE_FAMILY = "1,2";
			};
			name = Release;
		};
/* End XCBuildConfiguration section */

/* Begin XCConfigurationList section */
		4B1DC9822C4DE8CC009AA8F3 /* Build configuration list for PBXProject "NoteApp" */ = {
			isa = XCConfigurationList;
			buildConfigurations = (
				4B1DC9932C4DE8CD009AA8F3 /* Debug */,
				4B1DC9942C4DE8CD009AA8F3 /* Release */,
			);
			defaultConfigurationIsVisible = 0;
			defaultConfigurationName = Release;
		};
		4B1DC9952C4DE8CD009AA8F3 /* Build configuration list for PBXNativeTarget "NoteApp" */ = {
			isa = XCConfigurationList;
			buildConfigurations = (
				4B1DC9962C4DE8CD009AA8F3 /* Debug */,
				4B1DC9972C4DE8CD009AA8F3 /* Release */,
			);
			defaultConfigurationIsVisible = 0;
			defaultConfigurationName = Release;
		};
/* End XCConfigurationList section */

/* Begin XCRemoteSwiftPackageReference section */
		4B1DC99A2C4DEDDA009AA8F3 /* XCRemoteSwiftPackageReference "firebase-ios-sdk" */ = {
			isa = XCRemoteSwiftPackageReference;
			repositoryURL = "https://github.com/firebase/firebase-ios-sdk";
			requirement = {
				kind = upToNextMajorVersion;
				minimumVersion = 10.29.0;
			};
		};
/* End XCRemoteSwiftPackageReference section */

/* Begin XCSwiftPackageProductDependency section */
		4B1DC99B2C4DEDDA009AA8F3 /* FirebaseAuth */ = {
			isa = XCSwiftPackageProductDependency;
			package = 4B1DC99A2C4DEDDA009AA8F3 /* XCRemoteSwiftPackageReference "firebase-ios-sdk" */;
			productName = FirebaseAuth;
		};
		4B1DC99D2C4DEDDA009AA8F3 /* FirebaseFirestore */ = {
			isa = XCSwiftPackageProductDependency;
			package = 4B1DC99A2C4DEDDA009AA8F3 /* XCRemoteSwiftPackageReference "firebase-ios-sdk" */;
			productName = FirebaseFirestore;
		};
		4B1DC99F2C4DEDDA009AA8F3 /* FirebaseFirestoreSwift */ = {
			isa = XCSwiftPackageProductDependency;
			package = 4B1DC99A2C4DEDDA009AA8F3 /* XCRemoteSwiftPackageReference "firebase-ios-sdk" */;
			productName = FirebaseFirestoreSwift;
		};
/* End XCSwiftPackageProductDependency section */
	};
	rootObject = 4B1DC97F2C4DE8CC009AA8F3 /* Project object */;
}
